
Microsoft Visual Studio Solution File, Format Version 12.00
# Visual Studio Version 17
VisualStudioVersion = 17.7.34202.233
MinimumVisualStudioVersion = 10.0.40219.1
Project("{9A19103F-16F7-4668-BE54-9A1E7A4F7556}") = "Entities", "Entities\Entities.csproj", "{C8517F2C-FDA0-46B6-8982-ED5D199ECBF9}"
EndProject
Project("{9A19103F-16F7-4668-BE54-9A1E7A4F7556}") = "Core", "Core\Core.csproj", "{54DED051-399C-4176-93F6-1B8F893C66BD}"
EndProject
Project("{9A19103F-16F7-4668-BE54-9A1E7A4F7556}") = "DataAccess", "DataAccess\DataAccess.csproj", "{79A3E819-37A5-461E-99F9-B64F94793255}"
EndProject
Project("{9A19103F-16F7-4668-BE54-9A1E7A4F7556}") = "Business", "Business\Business.csproj", "{94C5FCD9-71A7-4B7A-8752-A90EB8CDA542}"
EndProject
Project("{FAE04EC0-301F-11D3-BF4B-00C04F79EFBC}") = "WebAPI", "WebAPI\WebAPI.csproj", "{CC6066DA-7DB0-4BF6-A9E7-7C84D709E134}"
EndProject
Global
	GlobalSection(SolutionConfigurationPlatforms) = preSolution
		Debug|Any CPU = Debug|Any CPU
		Release|Any CPU = Release|Any CPU
	EndGlobalSection
	GlobalSection(ProjectConfigurationPlatforms) = postSolution
		{C8517F2C-FDA0-46B6-8982-ED5D199ECBF9}.Debug|Any CPU.ActiveCfg = Debug|Any CPU
		{C8517F2C-FDA0-46B6-8982-ED5D199ECBF9}.Debug|Any CPU.Build.0 = Debug|Any CPU
		{C8517F2C-FDA0-46B6-8982-ED5D199ECBF9}.Release|Any CPU.ActiveCfg = Release|Any CPU
		{C8517F2C-FDA0-46B6-8982-ED5D199ECBF9}.Release|Any CPU.Build.0 = Release|Any CPU
		{54DED051-399C-4176-93F6-1B8F893C66BD}.Debug|Any CPU.ActiveCfg = Debug|Any CPU
		{54DED051-399C-4176-93F6-1B8F893C66BD}.Debug|Any CPU.Build.0 = Debug|Any CPU
		{54DED051-399C-4176-93F6-1B8F893C66BD}.Release|Any CPU.ActiveCfg = Release|Any CPU
		{54DED051-399C-4176-93F6-1B8F893C66BD}.Release|Any CPU.Build.0 = Release|Any CPU
		{79A3E819-37A5-461E-99F9-B64F94793255}.Debug|Any CPU.ActiveCfg = Debug|Any CPU
		{79A3E819-37A5-461E-99F9-B64F94793255}.Debug|Any CPU.Build.0 = Debug|Any CPU
		{79A3E819-37A5-461E-99F9-B64F94793255}.Release|Any CPU.ActiveCfg = Release|Any CPU
		{79A3E819-37A5-461E-99F9-B64F94793255}.Release|Any CPU.Build.0 = Release|Any CPU
		{94C5FCD9-71A7-4B7A-8752-A90EB8CDA542}.Debug|Any CPU.ActiveCfg = Debug|Any CPU
		{94C5FCD9-71A7-4B7A-8752-A90EB8CDA542}.Debug|Any CPU.Build.0 = Debug|Any CPU
		{94C5FCD9-71A7-4B7A-8752-A90EB8CDA542}.Release|Any CPU.ActiveCfg = Release|Any CPU
		{94C5FCD9-71A7-4B7A-8752-A90EB8CDA542}.Release|Any CPU.Build.0 = Release|Any CPU
		{CC6066DA-7DB0-4BF6-A9E7-7C84D709E134}.Debug|Any CPU.ActiveCfg = Debug|Any CPU
		{CC6066DA-7DB0-4BF6-A9E7-7C84D709E134}.Debug|Any CPU.Build.0 = Debug|Any CPU
		{CC6066DA-7DB0-4BF6-A9E7-7C84D709E134}.Release|Any CPU.ActiveCfg = Release|Any CPU
		{CC6066DA-7DB0-4BF6-A9E7-7C84D709E134}.Release|Any CPU.Build.0 = Release|Any CPU
	EndGlobalSection
	GlobalSection(SolutionProperties) = preSolution
		HideSolutionNode = FALSE
	EndGlobalSection
	GlobalSection(ExtensibilityGlobals) = postSolution
		SolutionGuid = {0825DD42-100B-474D-988B-1B4BB590E28B}
	EndGlobalSection
EndGlobal
